
Microsoft Visual Studio Solution File, Format Version 12.00
# Visual Studio Version 16
VisualStudioVersion = 25.0.1700.7
MinimumVisualStudioVersion = 10.0.40219.1
Project("{FAE04EC0-301F-11D3-BF4B-00C04F79EFBC}") = "learning-worker-service", "learning-worker-service\learning-worker-service.csproj", "{F63944A8-EA21-48F2-8819-B950FFDCAA04}"
EndProject
Global
	GlobalSection(SolutionConfigurationPlatforms) = preSolution
		Debug|Any CPU = Debug|Any CPU
		Release|Any CPU = Release|Any CPU
	EndGlobalSection
	GlobalSection(ProjectConfigurationPlatforms) = postSolution
		{F63944A8-EA21-48F2-8819-B950FFDCAA04}.Debug|Any CPU.ActiveCfg = Debug|Any CPU
		{F63944A8-EA21-48F2-8819-B950FFDCAA04}.Debug|Any CPU.Build.0 = Debug|Any CPU
		{F63944A8-EA21-48F2-8819-B950FFDCAA04}.Release|Any CPU.ActiveCfg = Release|Any CPU
		{F63944A8-EA21-48F2-8819-B950FFDCAA04}.Release|Any CPU.Build.0 = Release|Any CPU
	EndGlobalSection
	GlobalSection(SolutionProperties) = preSolution
		HideSolutionNode = FALSE
	EndGlobalSection
	GlobalSection(ExtensibilityGlobals) = postSolution
		SolutionGuid = {0EB63A9A-29EE-44D8-AD11-094390413441}
	EndGlobalSection
EndGlobal
